
Microsoft Visual Studio Solution File, Format Version 12.00
# Visual Studio Version 17
VisualStudioVersion = 17.1.32328.378
MinimumVisualStudioVersion = 10.0.40219.1
Project("{FAE04EC0-301F-11D3-BF4B-00C04F79EFBC}") = "FundooNotes", "FundooNotes.csproj", "{B06A4805-7651-4263-B0AD-C33FC4C1E9E6}"
EndProject
Project("{FAE04EC0-301F-11D3-BF4B-00C04F79EFBC}") = "CommonLayer", "..\CommonLayer\CommonLayer.csproj", "{2C147975-A17A-42F8-9C44-983A7A051B75}"
EndProject
Project("{FAE04EC0-301F-11D3-BF4B-00C04F79EFBC}") = "RepoLayer", "..\RepoLayer\RepoLayer.csproj", "{7F6EB20D-E1ED-4FD8-8B91-E59FECBA895B}"
EndProject
Project("{FAE04EC0-301F-11D3-BF4B-00C04F79EFBC}") = "BusinessLayer", "..\BusinessLayer\BusinessLayer.csproj", "{EC5B7751-A8F6-473A-B7A1-8C45EFE9DA00}"
EndProject
Global
	GlobalSection(SolutionConfigurationPlatforms) = preSolution
		Debug|Any CPU = Debug|Any CPU
		Release|Any CPU = Release|Any CPU
	EndGlobalSection
	GlobalSection(ProjectConfigurationPlatforms) = postSolution
		{B06A4805-7651-4263-B0AD-C33FC4C1E9E6}.Debug|Any CPU.ActiveCfg = Debug|Any CPU
		{B06A4805-7651-4263-B0AD-C33FC4C1E9E6}.Debug|Any CPU.Build.0 = Debug|Any CPU
		{B06A4805-7651-4263-B0AD-C33FC4C1E9E6}.Release|Any CPU.ActiveCfg = Release|Any CPU
		{B06A4805-7651-4263-B0AD-C33FC4C1E9E6}.Release|Any CPU.Build.0 = Release|Any CPU
		{2C147975-A17A-42F8-9C44-983A7A051B75}.Debug|Any CPU.ActiveCfg = Debug|Any CPU
		{2C147975-A17A-42F8-9C44-983A7A051B75}.Debug|Any CPU.Build.0 = Debug|Any CPU
		{2C147975-A17A-42F8-9C44-983A7A051B75}.Release|Any CPU.ActiveCfg = Release|Any CPU
		{2C147975-A17A-42F8-9C44-983A7A051B75}.Release|Any CPU.Build.0 = Release|Any CPU
		{7F6EB20D-E1ED-4FD8-8B91-E59FECBA895B}.Debug|Any CPU.ActiveCfg = Debug|Any CPU
		{7F6EB20D-E1ED-4FD8-8B91-E59FECBA895B}.Debug|Any CPU.Build.0 = Debug|Any CPU
		{7F6EB20D-E1ED-4FD8-8B91-E59FECBA895B}.Release|Any CPU.ActiveCfg = Release|Any CPU
		{7F6EB20D-E1ED-4FD8-8B91-E59FECBA895B}.Release|Any CPU.Build.0 = Release|Any CPU
		{EC5B7751-A8F6-473A-B7A1-8C45EFE9DA00}.Debug|Any CPU.ActiveCfg = Debug|Any CPU
		{EC5B7751-A8F6-473A-B7A1-8C45EFE9DA00}.Debug|Any CPU.Build.0 = Debug|Any CPU
		{EC5B7751-A8F6-473A-B7A1-8C45EFE9DA00}.Release|Any CPU.ActiveCfg = Release|Any CPU
		{EC5B7751-A8F6-473A-B7A1-8C45EFE9DA00}.Release|Any CPU.Build.0 = Release|Any CPU
	EndGlobalSection
	GlobalSection(SolutionProperties) = preSolution
		HideSolutionNode = FALSE
	EndGlobalSection
	GlobalSection(ExtensibilityGlobals) = postSolution
		SolutionGuid = {99DEAF80-4AD7-4059-8077-85BFEF016A18}
	EndGlobalSection
EndGlobal
